
Microsoft Visual Studio Solution File, Format Version 12.00
# Visual Studio 14
VisualStudioVersion = 14.0.25420.1
MinimumVisualStudioVersion = 10.0.40219.1
Project("{FAE04EC0-301F-11D3-BF4B-00C04F79EFBC}") = "Bab1.Droid", "Bab1\Bab1.Droid\Bab1.Droid.csproj", "{313774FA-4BF5-4B55-A651-769A264560BA}"
EndProject
Project("{FAE04EC0-301F-11D3-BF4B-00C04F79EFBC}") = "Bab1.iOS", "Bab1\Bab1.iOS\Bab1.iOS.csproj", "{61CFD8DF-6A7B-4336-8510-E98AEEBCDECA}"
EndProject
Project("{FAE04EC0-301F-11D3-BF4B-00C04F79EFBC}") = "Bab1.UWP", "Bab1\Bab1.UWP\Bab1.UWP.csproj", "{5C2C7A70-8935-4AB2-B165-2C33B37E5228}"
EndProject
Project("{FAE04EC0-301F-11D3-BF4B-00C04F79EFBC}") = "Bab1", "Bab1\Bab1\Bab1.csproj", "{D04CB58E-D12C-46E5-842F-5AD91835D183}"
EndProject
Global
	GlobalSection(SolutionConfigurationPlatforms) = preSolution
		Ad-Hoc|Any CPU = Ad-Hoc|Any CPU
		Ad-Hoc|ARM = Ad-Hoc|ARM
		Ad-Hoc|iPhone = Ad-Hoc|iPhone
		Ad-Hoc|iPhoneSimulator = Ad-Hoc|iPhoneSimulator
		Ad-Hoc|x64 = Ad-Hoc|x64
		Ad-Hoc|x86 = Ad-Hoc|x86
		AppStore|Any CPU = AppStore|Any CPU
		AppStore|ARM = AppStore|ARM
		AppStore|iPhone = AppStore|iPhone
		AppStore|iPhoneSimulator = AppStore|iPhoneSimulator
		AppStore|x64 = AppStore|x64
		AppStore|x86 = AppStore|x86
		Debug|Any CPU = Debug|Any CPU
		Debug|ARM = Debug|ARM
		Debug|iPhone = Debug|iPhone
		Debug|iPhoneSimulator = Debug|iPhoneSimulator
		Debug|x64 = Debug|x64
		Debug|x86 = Debug|x86
		Release|Any CPU = Release|Any CPU
		Release|ARM = Release|ARM
		Release|iPhone = Release|iPhone
		Release|iPhoneSimulator = Release|iPhoneSimulator
		Release|x64 = Release|x64
		Release|x86 = Release|x86
	EndGlobalSection
	GlobalSection(ProjectConfigurationPlatforms) = postSolution
		{313774FA-4BF5-4B55-A651-769A264560BA}.Ad-Hoc|Any CPU.ActiveCfg = Release|Any CPU
		{313774FA-4BF5-4B55-A651-769A264560BA}.Ad-Hoc|Any CPU.Build.0 = Release|Any CPU
		{313774FA-4BF5-4B55-A651-769A264560BA}.Ad-Hoc|Any CPU.Deploy.0 = Release|Any CPU
		{313774FA-4BF5-4B55-A651-769A264560BA}.Ad-Hoc|ARM.ActiveCfg = Release|Any CPU
		{313774FA-4BF5-4B55-A651-769A264560BA}.Ad-Hoc|ARM.Build.0 = Release|Any CPU
		{313774FA-4BF5-4B55-A651-769A264560BA}.Ad-Hoc|ARM.Deploy.0 = Release|Any CPU
		{313774FA-4BF5-4B55-A651-769A264560BA}.Ad-Hoc|iPhone.ActiveCfg = Release|Any CPU
		{313774FA-4BF5-4B55-A651-769A264560BA}.Ad-Hoc|iPhone.Build.0 = Release|Any CPU
		{313774FA-4BF5-4B55-A651-769A264560BA}.Ad-Hoc|iPhone.Deploy.0 = Release|Any CPU
		{313774FA-4BF5-4B55-A651-769A264560BA}.Ad-Hoc|iPhoneSimulator.ActiveCfg = Release|Any CPU
		{313774FA-4BF5-4B55-A651-769A264560BA}.Ad-Hoc|iPhoneSimulator.Build.0 = Release|Any CPU
		{313774FA-4BF5-4B55-A651-769A264560BA}.Ad-Hoc|iPhoneSimulator.Deploy.0 = Release|Any CPU
		{313774FA-4BF5-4B55-A651-769A264560BA}.Ad-Hoc|x64.ActiveCfg = Release|Any CPU
		{313774FA-4BF5-4B55-A651-769A264560BA}.Ad-Hoc|x64.Build.0 = Release|Any CPU
		{313774FA-4BF5-4B55-A651-769A264560BA}.Ad-Hoc|x64.Deploy.0 = Release|Any CPU
		{313774FA-4BF5-4B55-A651-769A264560BA}.Ad-Hoc|x86.ActiveCfg = Release|Any CPU
		{313774FA-4BF5-4B55-A651-769A264560BA}.Ad-Hoc|x86.Build.0 = Release|Any CPU
		{313774FA-4BF5-4B55-A651-769A264560BA}.Ad-Hoc|x86.Deploy.0 = Release|Any CPU
		{313774FA-4BF5-4B55-A651-769A264560BA}.AppStore|Any CPU.ActiveCfg = Release|Any CPU
		{313774FA-4BF5-4B55-A651-769A264560BA}.AppStore|Any CPU.Build.0 = Release|Any CPU
		{313774FA-4BF5-4B55-A651-769A264560BA}.AppStore|Any CPU.Deploy.0 = Release|Any CPU
		{313774FA-4BF5-4B55-A651-769A264560BA}.AppStore|ARM.ActiveCfg = Release|Any CPU
		{313774FA-4BF5-4B55-A651-769A264560BA}.AppStore|ARM.Build.0 = Release|Any CPU
		{313774FA-4BF5-4B55-A651-769A264560BA}.AppStore|ARM.Deploy.0 = Release|Any CPU
		{313774FA-4BF5-4B55-A651-769A264560BA}.AppStore|iPhone.ActiveCfg = Release|Any CPU
		{313774FA-4BF5-4B55-A651-769A264560BA}.AppStore|iPhone.Build.0 = Release|Any CPU
		{313774FA-4BF5-4B55-A651-769A264560BA}.AppStore|iPhone.Deploy.0 = Release|Any CPU
		{313774FA-4BF5-4B55-A651-769A264560BA}.AppStore|iPhoneSimulator.ActiveCfg = Release|Any CPU
		{313774FA-4BF5-4B55-A651-769A264560BA}.AppStore|iPhoneSimulator.Build.0 = Release|Any CPU
		{313774FA-4BF5-4B55-A651-769A264560BA}.AppStore|iPhoneSimulator.Deploy.0 = Release|Any CPU
		{313774FA-4BF5-4B55-A651-769A264560BA}.AppStore|x64.ActiveCfg = Release|Any CPU
		{313774FA-4BF5-4B55-A651-769A264560BA}.AppStore|x64.Build.0 = Release|Any CPU
		{313774FA-4BF5-4B55-A651-769A264560BA}.AppStore|x64.Deploy.0 = Release|Any CPU
		{313774FA-4BF5-4B55-A651-769A264560BA}.AppStore|x86.ActiveCfg = Release|Any CPU
		{313774FA-4BF5-4B55-A651-769A264560BA}.AppStore|x86.Build.0 = Release|Any CPU
		{313774FA-4BF5-4B55-A651-769A264560BA}.AppStore|x86.Deploy.0 = Release|Any CPU
		{313774FA-4BF5-4B55-A651-769A264560BA}.Debug|Any CPU.ActiveCfg = Debug|Any CPU
		{313774FA-4BF5-4B55-A651-769A264560BA}.Debug|Any CPU.Build.0 = Debug|Any CPU
		{313774FA-4BF5-4B55-A651-769A264560BA}.Debug|Any CPU.Deploy.0 = Debug|Any CPU
		{313774FA-4BF5-4B55-A651-769A264560BA}.Debug|ARM.ActiveCfg = Debug|Any CPU
		{313774FA-4BF5-4B55-A651-769A264560BA}.Debug|ARM.Build.0 = Debug|Any CPU
		{313774FA-4BF5-4B55-A651-769A264560BA}.Debug|ARM.Deploy.0 = Debug|Any CPU
		{313774FA-4BF5-4B55-A651-769A264560BA}.Debug|iPhone.ActiveCfg = Debug|Any CPU
		{313774FA-4BF5-4B55-A651-769A264560BA}.Debug|iPhone.Build.0 = Debug|Any CPU
		{313774FA-4BF5-4B55-A651-769A264560BA}.Debug|iPhone.Deploy.0 = Debug|Any CPU
		{313774FA-4BF5-4B55-A651-769A264560BA}.Debug|iPhoneSimulator.ActiveCfg = Debug|Any CPU
		{313774FA-4BF5-4B55-A651-769A264560BA}.Debug|iPhoneSimulator.Build.0 = Debug|Any CPU
		{313774FA-4BF5-4B55-A651-769A264560BA}.Debug|iPhoneSimulator.Deploy.0 = Debug|Any CPU
		{313774FA-4BF5-4B55-A651-769A264560BA}.Debug|x64.ActiveCfg = Debug|Any CPU
		{313774FA-4BF5-4B55-A651-769A264560BA}.Debug|x64.Build.0 = Debug|Any CPU
		{313774FA-4BF5-4B55-A651-769A264560BA}.Debug|x64.Deploy.0 = Debug|Any CPU
		{313774FA-4BF5-4B55-A651-769A264560BA}.Debug|x86.ActiveCfg = Debug|Any CPU
		{313774FA-4BF5-4B55-A651-769A264560BA}.Debug|x86.Build.0 = Debug|Any CPU
		{313774FA-4BF5-4B55-A651-769A264560BA}.Debug|x86.Deploy.0 = Debug|Any CPU
		{313774FA-4BF5-4B55-A651-769A264560BA}.Release|Any CPU.ActiveCfg = Release|Any CPU
		{313774FA-4BF5-4B55-A651-769A264560BA}.Release|Any CPU.Build.0 = Release|Any CPU
		{313774FA-4BF5-4B55-A651-769A264560BA}.Release|Any CPU.Deploy.0 = Release|Any CPU
		{313774FA-4BF5-4B55-A651-769A264560BA}.Release|ARM.ActiveCfg = Release|Any CPU
		{313774FA-4BF5-4B55-A651-769A264560BA}.Release|ARM.Build.0 = Release|Any CPU
		{313774FA-4BF5-4B55-A651-769A264560BA}.Release|ARM.Deploy.0 = Release|Any CPU
		{313774FA-4BF5-4B55-A651-769A264560BA}.Release|iPhone.ActiveCfg = Release|Any CPU
		{313774FA-4BF5-4B55-A651-769A264560BA}.Release|iPhone.Build.0 = Release|Any CPU
		{313774FA-4BF5-4B55-A651-769A264560BA}.Release|iPhone.Deploy.0 = Release|Any CPU
		{313774FA-4BF5-4B55-A651-769A264560BA}.Release|iPhoneSimulator.ActiveCfg = Release|Any CPU
		{313774FA-4BF5-4B55-A651-769A264560BA}.Release|iPhoneSimulator.Build.0 = Release|Any CPU
		{313774FA-4BF5-4B55-A651-769A264560BA}.Release|iPhoneSimulator.Deploy.0 = Release|Any CPU
		{313774FA-4BF5-4B55-A651-769A264560BA}.Release|x64.ActiveCfg = Release|Any CPU
		{313774FA-4BF5-4B55-A651-769A264560BA}.Release|x64.Build.0 = Release|Any CPU
		{313774FA-4BF5-4B55-A651-769A264560BA}.Release|x64.Deploy.0 = Release|Any CPU
		{313774FA-4BF5-4B55-A651-769A264560BA}.Release|x86.ActiveCfg = Release|Any CPU
		{313774FA-4BF5-4B55-A651-769A264560BA}.Release|x86.Build.0 = Release|Any CPU
		{313774FA-4BF5-4B55-A651-769A264560BA}.Release|x86.Deploy.0 = Release|Any CPU
		{61CFD8DF-6A7B-4336-8510-E98AEEBCDECA}.Ad-Hoc|Any CPU.ActiveCfg = Ad-Hoc|iPhone
		{61CFD8DF-6A7B-4336-8510-E98AEEBCDECA}.Ad-Hoc|ARM.ActiveCfg = Ad-Hoc|iPhone
		{61CFD8DF-6A7B-4336-8510-E98AEEBCDECA}.Ad-Hoc|iPhone.ActiveCfg = Ad-Hoc|iPhone
		{61CFD8DF-6A7B-4336-8510-E98AEEBCDECA}.Ad-Hoc|iPhone.Build.0 = Ad-Hoc|iPhone
		{61CFD8DF-6A7B-4336-8510-E98AEEBCDECA}.Ad-Hoc|iPhoneSimulator.ActiveCfg = Ad-Hoc|iPhoneSimulator
		{61CFD8DF-6A7B-4336-8510-E98AEEBCDECA}.Ad-Hoc|iPhoneSimulator.Build.0 = Ad-Hoc|iPhoneSimulator
		{61CFD8DF-6A7B-4336-8510-E98AEEBCDECA}.Ad-Hoc|x64.ActiveCfg = Ad-Hoc|iPhone
		{61CFD8DF-6A7B-4336-8510-E98AEEBCDECA}.Ad-Hoc|x86.ActiveCfg = Ad-Hoc|iPhone
		{61CFD8DF-6A7B-4336-8510-E98AEEBCDECA}.AppStore|Any CPU.ActiveCfg = AppStore|iPhone
		{61CFD8DF-6A7B-4336-8510-E98AEEBCDECA}.AppStore|ARM.ActiveCfg = AppStore|iPhone
		{61CFD8DF-6A7B-4336-8510-E98AEEBCDECA}.AppStore|iPhone.ActiveCfg = AppStore|iPhone
		{61CFD8DF-6A7B-4336-8510-E98AEEBCDECA}.AppStore|iPhone.Build.0 = AppStore|iPhone
		{61CFD8DF-6A7B-4336-8510-E98AEEBCDECA}.AppStore|iPhoneSimulator.ActiveCfg = AppStore|iPhoneSimulator
		{61CFD8DF-6A7B-4336-8510-E98AEEBCDECA}.AppStore|iPhoneSimulator.Build.0 = AppStore|iPhoneSimulator
		{61CFD8DF-6A7B-4336-8510-E98AEEBCDECA}.AppStore|x64.ActiveCfg = AppStore|iPhone
		{61CFD8DF-6A7B-4336-8510-E98AEEBCDECA}.AppStore|x86.ActiveCfg = AppStore|iPhone
		{61CFD8DF-6A7B-4336-8510-E98AEEBCDECA}.Debug|Any CPU.ActiveCfg = Debug|iPhone
		{61CFD8DF-6A7B-4336-8510-E98AEEBCDECA}.Debug|ARM.ActiveCfg = Debug|iPhone
		{61CFD8DF-6A7B-4336-8510-E98AEEBCDECA}.Debug|iPhone.ActiveCfg = Debug|iPhone
		{61CFD8DF-6A7B-4336-8510-E98AEEBCDECA}.Debug|iPhone.Build.0 = Debug|iPhone
		{61CFD8DF-6A7B-4336-8510-E98AEEBCDECA}.Debug|iPhoneSimulator.ActiveCfg = Debug|iPhoneSimulator
		{61CFD8DF-6A7B-4336-8510-E98AEEBCDECA}.Debug|iPhoneSimulator.Build.0 = Debug|iPhoneSimulator
		{61CFD8DF-6A7B-4336-8510-E98AEEBCDECA}.Debug|x64.ActiveCfg = Debug|iPhone
		{61CFD8DF-6A7B-4336-8510-E98AEEBCDECA}.Debug|x86.ActiveCfg = Debug|iPhone
		{61CFD8DF-6A7B-4336-8510-E98AEEBCDECA}.Release|Any CPU.ActiveCfg = Release|iPhone
		{61CFD8DF-6A7B-4336-8510-E98AEEBCDECA}.Release|ARM.ActiveCfg = Release|iPhone
		{61CFD8DF-6A7B-4336-8510-E98AEEBCDECA}.Release|iPhone.ActiveCfg = Release|iPhone
		{61CFD8DF-6A7B-4336-8510-E98AEEBCDECA}.Release|iPhone.Build.0 = Release|iPhone
		{61CFD8DF-6A7B-4336-8510-E98AEEBCDECA}.Release|iPhoneSimulator.ActiveCfg = Release|iPhoneSimulator
		{61CFD8DF-6A7B-4336-8510-E98AEEBCDECA}.Release|iPhoneSimulator.Build.0 = Release|iPhoneSimulator
		{61CFD8DF-6A7B-4336-8510-E98AEEBCDECA}.Release|x64.ActiveCfg = Release|iPhone
		{61CFD8DF-6A7B-4336-8510-E98AEEBCDECA}.Release|x86.ActiveCfg = Release|iPhone
		{5C2C7A70-8935-4AB2-B165-2C33B37E5228}.Ad-Hoc|Any CPU.ActiveCfg = Release|x86
		{5C2C7A70-8935-4AB2-B165-2C33B37E5228}.Ad-Hoc|Any CPU.Build.0 = Release|x86
		{5C2C7A70-8935-4AB2-B165-2C33B37E5228}.Ad-Hoc|Any CPU.Deploy.0 = Release|x86
		{5C2C7A70-8935-4AB2-B165-2C33B37E5228}.Ad-Hoc|ARM.ActiveCfg = Release|ARM
		{5C2C7A70-8935-4AB2-B165-2C33B37E5228}.Ad-Hoc|ARM.Build.0 = Release|ARM
		{5C2C7A70-8935-4AB2-B165-2C33B37E5228}.Ad-Hoc|ARM.Deploy.0 = Release|ARM
		{5C2C7A70-8935-4AB2-B165-2C33B37E5228}.Ad-Hoc|iPhone.ActiveCfg = Release|x86
		{5C2C7A70-8935-4AB2-B165-2C33B37E5228}.Ad-Hoc|iPhone.Build.0 = Release|x86
		{5C2C7A70-8935-4AB2-B165-2C33B37E5228}.Ad-Hoc|iPhone.Deploy.0 = Release|x86
		{5C2C7A70-8935-4AB2-B165-2C33B37E5228}.Ad-Hoc|iPhoneSimulator.ActiveCfg = Release|x86
		{5C2C7A70-8935-4AB2-B165-2C33B37E5228}.Ad-Hoc|iPhoneSimulator.Build.0 = Release|x86
		{5C2C7A70-8935-4AB2-B165-2C33B37E5228}.Ad-Hoc|iPhoneSimulator.Deploy.0 = Release|x86
		{5C2C7A70-8935-4AB2-B165-2C33B37E5228}.Ad-Hoc|x64.ActiveCfg = Release|x64
		{5C2C7A70-8935-4AB2-B165-2C33B37E5228}.Ad-Hoc|x64.Build.0 = Release|x64
		{5C2C7A70-8935-4AB2-B165-2C33B37E5228}.Ad-Hoc|x64.Deploy.0 = Release|x64
		{5C2C7A70-8935-4AB2-B165-2C33B37E5228}.Ad-Hoc|x86.ActiveCfg = Release|x86
		{5C2C7A70-8935-4AB2-B165-2C33B37E5228}.Ad-Hoc|x86.Build.0 = Release|x86
		{5C2C7A70-8935-4AB2-B165-2C33B37E5228}.Ad-Hoc|x86.Deploy.0 = Release|x86
		{5C2C7A70-8935-4AB2-B165-2C33B37E5228}.AppStore|Any CPU.ActiveCfg = Release|x86
		{5C2C7A70-8935-4AB2-B165-2C33B37E5228}.AppStore|Any CPU.Build.0 = Release|x86
		{5C2C7A70-8935-4AB2-B165-2C33B37E5228}.AppStore|Any CPU.Deploy.0 = Release|x86
		{5C2C7A70-8935-4AB2-B165-2C33B37E5228}.AppStore|ARM.ActiveCfg = Release|ARM
		{5C2C7A70-8935-4AB2-B165-2C33B37E5228}.AppStore|ARM.Build.0 = Release|ARM
		{5C2C7A70-8935-4AB2-B165-2C33B37E5228}.AppStore|ARM.Deploy.0 = Release|ARM
		{5C2C7A70-8935-4AB2-B165-2C33B37E5228}.AppStore|iPhone.ActiveCfg = Release|x86
		{5C2C7A70-8935-4AB2-B165-2C33B37E5228}.AppStore|iPhone.Build.0 = Release|x86
		{5C2C7A70-8935-4AB2-B165-2C33B37E5228}.AppStore|iPhone.Deploy.0 = Release|x86
		{5C2C7A70-8935-4AB2-B165-2C33B37E5228}.AppStore|iPhoneSimulator.ActiveCfg = Release|x86
		{5C2C7A70-8935-4AB2-B165-2C33B37E5228}.AppStore|iPhoneSimulator.Build.0 = Release|x86
		{5C2C7A70-8935-4AB2-B165-2C33B37E5228}.AppStore|iPhoneSimulator.Deploy.0 = Release|x86
		{5C2C7A70-8935-4AB2-B165-2C33B37E5228}.AppStore|x64.ActiveCfg = Release|x64
		{5C2C7A70-8935-4AB2-B165-2C33B37E5228}.AppStore|x64.Build.0 = Release|x64
		{5C2C7A70-8935-4AB2-B165-2C33B37E5228}.AppStore|x64.Deploy.0 = Release|x64
		{5C2C7A70-8935-4AB2-B165-2C33B37E5228}.AppStore|x86.ActiveCfg = Release|x86
		{5C2C7A70-8935-4AB2-B165-2C33B37E5228}.AppStore|x86.Build.0 = Release|x86
		{5C2C7A70-8935-4AB2-B165-2C33B37E5228}.AppStore|x86.Deploy.0 = Release|x86
		{5C2C7A70-8935-4AB2-B165-2C33B37E5228}.Debug|Any CPU.ActiveCfg = Debug|x86
		{5C2C7A70-8935-4AB2-B165-2C33B37E5228}.Debug|ARM.ActiveCfg = Debug|ARM
		{5C2C7A70-8935-4AB2-B165-2C33B37E5228}.Debug|ARM.Build.0 = Debug|ARM
		{5C2C7A70-8935-4AB2-B165-2C33B37E5228}.Debug|ARM.Deploy.0 = Debug|ARM
		{5C2C7A70-8935-4AB2-B165-2C33B37E5228}.Debug|iPhone.ActiveCfg = Debug|x86
		{5C2C7A70-8935-4AB2-B165-2C33B37E5228}.Debug|iPhoneSimulator.ActiveCfg = Debug|x86
		{5C2C7A70-8935-4AB2-B165-2C33B37E5228}.Debug|x64.ActiveCfg = Debug|x64
		{5C2C7A70-8935-4AB2-B165-2C33B37E5228}.Debug|x64.Build.0 = Debug|x64
		{5C2C7A70-8935-4AB2-B165-2C33B37E5228}.Debug|x64.Deploy.0 = Debug|x64
		{5C2C7A70-8935-4AB2-B165-2C33B37E5228}.Debug|x86.ActiveCfg = Debug|x86
		{5C2C7A70-8935-4AB2-B165-2C33B37E5228}.Debug|x86.Build.0 = Debug|x86
		{5C2C7A70-8935-4AB2-B165-2C33B37E5228}.Debug|x86.Deploy.0 = Debug|x86
		{5C2C7A70-8935-4AB2-B165-2C33B37E5228}.Release|Any CPU.ActiveCfg = Release|x86
		{5C2C7A70-8935-4AB2-B165-2C33B37E5228}.Release|ARM.ActiveCfg = Release|ARM
		{5C2C7A70-8935-4AB2-B165-2C33B37E5228}.Release|ARM.Build.0 = Release|ARM
		{5C2C7A70-8935-4AB2-B165-2C33B37E5228}.Release|ARM.Deploy.0 = Release|ARM
		{5C2C7A70-8935-4AB2-B165-2C33B37E5228}.Release|iPhone.ActiveCfg = Release|x86
		{5C2C7A70-8935-4AB2-B165-2C33B37E5228}.Release|iPhoneSimulator.ActiveCfg = Release|x86
		{5C2C7A70-8935-4AB2-B165-2C33B37E5228}.Release|x64.ActiveCfg = Release|x64
		{5C2C7A70-8935-4AB2-B165-2C33B37E5228}.Release|x64.Build.0 = Release|x64
		{5C2C7A70-8935-4AB2-B165-2C33B37E5228}.Release|x64.Deploy.0 = Release|x64
		{5C2C7A70-8935-4AB2-B165-2C33B37E5228}.Release|x86.ActiveCfg = Release|x86
		{5C2C7A70-8935-4AB2-B165-2C33B37E5228}.Release|x86.Build.0 = Release|x86
		{5C2C7A70-8935-4AB2-B165-2C33B37E5228}.Release|x86.Deploy.0 = Release|x86
		{D04CB58E-D12C-46E5-842F-5AD91835D183}.Ad-Hoc|Any CPU.ActiveCfg = Release|Any CPU
		{D04CB58E-D12C-46E5-842F-5AD91835D183}.Ad-Hoc|Any CPU.Build.0 = Release|Any CPU
		{D04CB58E-D12C-46E5-842F-5AD91835D183}.Ad-Hoc|ARM.ActiveCfg = Release|Any CPU
		{D04CB58E-D12C-46E5-842F-5AD91835D183}.Ad-Hoc|ARM.Build.0 = Release|Any CPU
		{D04CB58E-D12C-46E5-842F-5AD91835D183}.Ad-Hoc|iPhone.ActiveCfg = Release|Any CPU
		{D04CB58E-D12C-46E5-842F-5AD91835D183}.Ad-Hoc|iPhone.Build.0 = Release|Any CPU
		{D04CB58E-D12C-46E5-842F-5AD91835D183}.Ad-Hoc|iPhoneSimulator.ActiveCfg = Release|Any CPU
		{D04CB58E-D12C-46E5-842F-5AD91835D183}.Ad-Hoc|iPhoneSimulator.Build.0 = Release|Any CPU
		{D04CB58E-D12C-46E5-842F-5AD91835D183}.Ad-Hoc|x64.ActiveCfg = Release|Any CPU
		{D04CB58E-D12C-46E5-842F-5AD91835D183}.Ad-Hoc|x64.Build.0 = Release|Any CPU
		{D04CB58E-D12C-46E5-842F-5AD91835D183}.Ad-Hoc|x86.ActiveCfg = Release|Any CPU
		{D04CB58E-D12C-46E5-842F-5AD91835D183}.Ad-Hoc|x86.Build.0 = Release|Any CPU
		{D04CB58E-D12C-46E5-842F-5AD91835D183}.AppStore|Any CPU.ActiveCfg = Release|Any CPU
		{D04CB58E-D12C-46E5-842F-5AD91835D183}.AppStore|Any CPU.Build.0 = Release|Any CPU
		{D04CB58E-D12C-46E5-842F-5AD91835D183}.AppStore|ARM.ActiveCfg = Release|Any CPU
		{D04CB58E-D12C-46E5-842F-5AD91835D183}.AppStore|ARM.Build.0 = Release|Any CPU
		{D04CB58E-D12C-46E5-842F-5AD91835D183}.AppStore|iPhone.ActiveCfg = Release|Any CPU
		{D04CB58E-D12C-46E5-842F-5AD91835D183}.AppStore|iPhone.Build.0 = Release|Any CPU
		{D04CB58E-D12C-46E5-842F-5AD91835D183}.AppStore|iPhoneSimulator.ActiveCfg = Release|Any CPU
		{D04CB58E-D12C-46E5-842F-5AD91835D183}.AppStore|iPhoneSimulator.Build.0 = Release|Any CPU
		{D04CB58E-D12C-46E5-842F-5AD91835D183}.AppStore|x64.ActiveCfg = Release|Any CPU
		{D04CB58E-D12C-46E5-842F-5AD91835D183}.AppStore|x64.Build.0 = Release|Any CPU
		{D04CB58E-D12C-46E5-842F-5AD91835D183}.AppStore|x86.ActiveCfg = Release|Any CPU
		{D04CB58E-D12C-46E5-842F-5AD91835D183}.AppStore|x86.Build.0 = Release|Any CPU
		{D04CB58E-D12C-46E5-842F-5AD91835D183}.Debug|Any CPU.ActiveCfg = Debug|Any CPU
		{D04CB58E-D12C-46E5-842F-5AD91835D183}.Debug|Any CPU.Build.0 = Debug|Any CPU
		{D04CB58E-D12C-46E5-842F-5AD91835D183}.Debug|ARM.ActiveCfg = Debug|Any CPU
		{D04CB58E-D12C-46E5-842F-5AD91835D183}.Debug|ARM.Build.0 = Debug|Any CPU
		{D04CB58E-D12C-46E5-842F-5AD91835D183}.Debug|iPhone.ActiveCfg = Debug|Any CPU
		{D04CB58E-D12C-46E5-842F-5AD91835D183}.Debug|iPhone.Build.0 = Debug|Any CPU
		{D04CB58E-D12C-46E5-842F-5AD91835D183}.Debug|iPhoneSimulator.ActiveCfg = Debug|Any CPU
		{D04CB58E-D12C-46E5-842F-5AD91835D183}.Debug|iPhoneSimulator.Build.0 = Debug|Any CPU
		{D04CB58E-D12C-46E5-842F-5AD91835D183}.Debug|x64.ActiveCfg = Debug|Any CPU
		{D04CB58E-D12C-46E5-842F-5AD91835D183}.Debug|x64.Build.0 = Debug|Any CPU
		{D04CB58E-D12C-46E5-842F-5AD91835D183}.Debug|x86.ActiveCfg = Debug|Any CPU
		{D04CB58E-D12C-46E5-842F-5AD91835D183}.Debug|x86.Build.0 = Debug|Any CPU
		{D04CB58E-D12C-46E5-842F-5AD91835D183}.Release|Any CPU.ActiveCfg = Release|Any CPU
		{D04CB58E-D12C-46E5-842F-5AD91835D183}.Release|Any CPU.Build.0 = Release|Any CPU
		{D04CB58E-D12C-46E5-842F-5AD91835D183}.Release|ARM.ActiveCfg = Release|Any CPU
		{D04CB58E-D12C-46E5-842F-5AD91835D183}.Release|ARM.Build.0 = Release|Any CPU
		{D04CB58E-D12C-46E5-842F-5AD91835D183}.Release|iPhone.ActiveCfg = Release|Any CPU
		{D04CB58E-D12C-46E5-842F-5AD91835D183}.Release|iPhone.Build.0 = Release|Any CPU
		{D04CB58E-D12C-46E5-842F-5AD91835D183}.Release|iPhoneSimulator.ActiveCfg = Release|Any CPU
		{D04CB58E-D12C-46E5-842F-5AD91835D183}.Release|iPhoneSimulator.Build.0 = Release|Any CPU
		{D04CB58E-D12C-46E5-842F-5AD91835D183}.Release|x64.ActiveCfg = Release|Any CPU
		{D04CB58E-D12C-46E5-842F-5AD91835D183}.Release|x64.Build.0 = Release|Any CPU
		{D04CB58E-D12C-46E5-842F-5AD91835D183}.Release|x86.ActiveCfg = Release|Any CPU
		{D04CB58E-D12C-46E5-842F-5AD91835D183}.Release|x86.Build.0 = Release|Any CPU
	EndGlobalSection
	GlobalSection(SolutionProperties) = preSolution
		HideSolutionNode = FALSE
	EndGlobalSection
EndGlobal
